
Microsoft Visual Studio Solution File, Format Version 12.00
# Visual Studio Version 16
VisualStudioVersion = 16.0.28922.388
MinimumVisualStudioVersion = 10.0.40219.1
Project("{2150E333-8FDC-42A3-9474-1A3956D46DE8}") = "Src", "Src", "{2024B73D-D225-4B4C-B755-227128C50A36}"
EndProject
Project("{2150E333-8FDC-42A3-9474-1A3956D46DE8}") = "tests", "tests", "{0798A1CE-E414-498E-89E3-6DCBC9F9538D}"
EndProject
Project("{9A19103F-16F7-4668-BE54-9A1E7A4F7556}") = "CakeAliases.Versioning", "src\CakeAliases.NugetVersioning\CakeAliases.Versioning.csproj", "{C58E675D-86BD-479C-81A0-CA7CE9E52F04}"
EndProject
Project("{9A19103F-16F7-4668-BE54-9A1E7A4F7556}") = "CakeAliases.Versioning.Tests", "tests\CakeAliases.Versioning.Tests\CakeAliases.Versioning.Tests.csproj", "{A329C7BD-FC4F-43E6-923A-C0D9FBED7EA6}"
EndProject
Global
	GlobalSection(SolutionConfigurationPlatforms) = preSolution
		Debug|Any CPU = Debug|Any CPU
		Release|Any CPU = Release|Any CPU
	EndGlobalSection
	GlobalSection(ProjectConfigurationPlatforms) = postSolution
		{C58E675D-86BD-479C-81A0-CA7CE9E52F04}.Debug|Any CPU.ActiveCfg = Debug|Any CPU
		{C58E675D-86BD-479C-81A0-CA7CE9E52F04}.Debug|Any CPU.Build.0 = Debug|Any CPU
		{C58E675D-86BD-479C-81A0-CA7CE9E52F04}.Release|Any CPU.ActiveCfg = Release|Any CPU
		{C58E675D-86BD-479C-81A0-CA7CE9E52F04}.Release|Any CPU.Build.0 = Release|Any CPU
		{A329C7BD-FC4F-43E6-923A-C0D9FBED7EA6}.Debug|Any CPU.ActiveCfg = Debug|Any CPU
		{A329C7BD-FC4F-43E6-923A-C0D9FBED7EA6}.Debug|Any CPU.Build.0 = Debug|Any CPU
		{A329C7BD-FC4F-43E6-923A-C0D9FBED7EA6}.Release|Any CPU.ActiveCfg = Release|Any CPU
		{A329C7BD-FC4F-43E6-923A-C0D9FBED7EA6}.Release|Any CPU.Build.0 = Release|Any CPU
	EndGlobalSection
	GlobalSection(SolutionProperties) = preSolution
		HideSolutionNode = FALSE
	EndGlobalSection
	GlobalSection(NestedProjects) = preSolution
		{C58E675D-86BD-479C-81A0-CA7CE9E52F04} = {2024B73D-D225-4B4C-B755-227128C50A36}
		{A329C7BD-FC4F-43E6-923A-C0D9FBED7EA6} = {0798A1CE-E414-498E-89E3-6DCBC9F9538D}
	EndGlobalSection
	GlobalSection(ExtensibilityGlobals) = postSolution
		SolutionGuid = {4CDF5544-F6E7-4E37-9E15-B2CFD7938A64}
	EndGlobalSection
EndGlobal
