
Microsoft Visual Studio Solution File, Format Version 12.00
# Visual Studio Version 16
VisualStudioVersion = 16.0.28922.388
MinimumVisualStudioVersion = 10.0.40219.1
Project("{FAE04EC0-301F-11D3-BF4B-00C04F79EFBC}") = "CakeAliases.BranchesSemVer", "CakeAliases.BranchesSemVer\CakeAliases.BranchesSemVer.csproj", "{2A6D9282-1860-43D3-BA4C-AF13EA7F9DB6}"
EndProject
Project("{FAE04EC0-301F-11D3-BF4B-00C04F79EFBC}") = "CakeAliases.BranchesSemVer.Tests", "CakeAliases.BranchesSemVer.Tests\CakeAliases.BranchesSemVer.Tests.csproj", "{93DAD097-EAB3-4A1F-803E-AC81752BDEDB}"
EndProject
Global
	GlobalSection(SolutionConfigurationPlatforms) = preSolution
		Debug|Any CPU = Debug|Any CPU
		Release|Any CPU = Release|Any CPU
	EndGlobalSection
	GlobalSection(ProjectConfigurationPlatforms) = postSolution
		{2A6D9282-1860-43D3-BA4C-AF13EA7F9DB6}.Debug|Any CPU.ActiveCfg = Debug|Any CPU
		{2A6D9282-1860-43D3-BA4C-AF13EA7F9DB6}.Debug|Any CPU.Build.0 = Debug|Any CPU
		{2A6D9282-1860-43D3-BA4C-AF13EA7F9DB6}.Release|Any CPU.ActiveCfg = Release|Any CPU
		{2A6D9282-1860-43D3-BA4C-AF13EA7F9DB6}.Release|Any CPU.Build.0 = Release|Any CPU
		{93DAD097-EAB3-4A1F-803E-AC81752BDEDB}.Debug|Any CPU.ActiveCfg = Debug|Any CPU
		{93DAD097-EAB3-4A1F-803E-AC81752BDEDB}.Debug|Any CPU.Build.0 = Debug|Any CPU
		{93DAD097-EAB3-4A1F-803E-AC81752BDEDB}.Release|Any CPU.ActiveCfg = Release|Any CPU
		{93DAD097-EAB3-4A1F-803E-AC81752BDEDB}.Release|Any CPU.Build.0 = Release|Any CPU
	EndGlobalSection
	GlobalSection(SolutionProperties) = preSolution
		HideSolutionNode = FALSE
	EndGlobalSection
	GlobalSection(ExtensibilityGlobals) = postSolution
		SolutionGuid = {4CDF5544-F6E7-4E37-9E15-B2CFD7938A64}
	EndGlobalSection
EndGlobal
